
Microsoft Visual Studio Solution File, Format Version 12.00
# Visual Studio Version 17
VisualStudioVersion = 17.4.33213.308
MinimumVisualStudioVersion = 10.0.40219.1
Project("{9A19103F-16F7-4668-BE54-9A1E7A4F7556}") = "UnitTestsExamples", "UnitTestsExamples\UnitTestsExamples.csproj", "{B9C6773A-B6FC-474A-AEDF-CB96F247713B}"
EndProject
Project("{9A19103F-16F7-4668-BE54-9A1E7A4F7556}") = "UnitTestsExamplesTests", "UnitTestsExamplesTests\UnitTestsExamplesTests.csproj", "{BE5A7CFA-534D-4E29-9EC0-31B455A4CD54}"
EndProject
Global
	GlobalSection(SolutionConfigurationPlatforms) = preSolution
		Debug|Any CPU = Debug|Any CPU
		Release|Any CPU = Release|Any CPU
	EndGlobalSection
	GlobalSection(ProjectConfigurationPlatforms) = postSolution
		{B9C6773A-B6FC-474A-AEDF-CB96F247713B}.Debug|Any CPU.ActiveCfg = Debug|Any CPU
		{B9C6773A-B6FC-474A-AEDF-CB96F247713B}.Debug|Any CPU.Build.0 = Debug|Any CPU
		{B9C6773A-B6FC-474A-AEDF-CB96F247713B}.Release|Any CPU.ActiveCfg = Release|Any CPU
		{B9C6773A-B6FC-474A-AEDF-CB96F247713B}.Release|Any CPU.Build.0 = Release|Any CPU
		{BE5A7CFA-534D-4E29-9EC0-31B455A4CD54}.Debug|Any CPU.ActiveCfg = Debug|Any CPU
		{BE5A7CFA-534D-4E29-9EC0-31B455A4CD54}.Debug|Any CPU.Build.0 = Debug|Any CPU
		{BE5A7CFA-534D-4E29-9EC0-31B455A4CD54}.Release|Any CPU.ActiveCfg = Release|Any CPU
		{BE5A7CFA-534D-4E29-9EC0-31B455A4CD54}.Release|Any CPU.Build.0 = Release|Any CPU
	EndGlobalSection
	GlobalSection(SolutionProperties) = preSolution
		HideSolutionNode = FALSE
	EndGlobalSection
	GlobalSection(ExtensibilityGlobals) = postSolution
		SolutionGuid = {8AB3A8D4-9555-468C-8176-5A66A7DF6B78}
	EndGlobalSection
EndGlobal
